    "@googleapis/meet": ^2.0.1
"@googleapis/meet@npm:^2.0.1":
  version: 2.0.1
  resolution: "@googleapis/meet@npm:2.0.1"
  dependencies:
    googleapis-common: ^8.0.2-rc.0
  checksum: df941927f95a1ecddc438f6c1360aa9d02bc18e22aaadd245084fab5b03a291c6cbae988130dc0de4745e42f2e21daaaade3b85ce06cf5e1da15d52470791f90
  languageName: node
  linkType: hard

"gaxios@npm:^7.0.0, gaxios@npm:^7.0.0-rc.4":
  version: 7.1.1
  resolution: "gaxios@npm:7.1.1"
  dependencies:
    extend: ^3.0.2
    https-proxy-agent: ^7.0.1
    node-fetch: ^3.3.2
  checksum: 1dc0416deab839e3ce2dfe813fc6aae361c9ab51a1c05f810acbd4d7f87fa64e551e0faeba18c9d7da8cc94866a84c536e5695db2a6e77dc8a4550f264e385bb
  languageName: node
  linkType: hard

"gcp-metadata@npm:^7.0.0":
  version: 7.0.1
  resolution: "gcp-metadata@npm:7.0.1"
  dependencies:
    gaxios: ^7.0.0
    google-logging-utils: ^1.0.0
    json-bigint: ^1.0.0
  checksum: 2f66aaad97198212cce06b22879769aac79f16edfdea46927d2eae37e40202d01286e1807f2e0b02727b992971f2add8bff1c3bc890bb1f01f8eaf034006877f
  languageName: node
  linkType: hard

"google-auth-library@npm:^10.0.0-rc.1":
  version: 10.2.1
  resolution: "google-auth-library@npm:10.2.1"
  dependencies:
    base64-js: ^1.3.0
    ecdsa-sig-formatter: ^1.0.11
    gaxios: ^7.0.0
    gcp-metadata: ^7.0.0
    google-logging-utils: ^1.0.0
    gtoken: ^8.0.0
    jws: ^4.0.0
  checksum: 07320917304e9b36f3a6b52b5a28fbebdf8b9619085f65c195f31fa3c54984a62a328905d5fa415d3f0054a63003e818bb84f50cce7e11d7947a61c83c3a40e5
  languageName: node
  linkType: hard

"google-logging-utils@npm:^1.0.0":
  version: 1.1.1
  resolution: "google-logging-utils@npm:1.1.1"
  checksum: a1739b445963e82f5894d98fe0b0c3ef393670c6ae8b47810dee69d1d10697cad61b05cd94faf4d963c8207edc0694dc2b3b168c9cca984764801ca47b68333f
  languageName: node
  linkType: hard

"googleapis-common@npm:^8.0.2-rc.0":
  version: 8.0.2-rc.0
  resolution: "googleapis-common@npm:8.0.2-rc.0"
  dependencies:
    extend: ^3.0.2
    gaxios: ^7.0.0-rc.4
    google-auth-library: ^10.0.0-rc.1
    qs: ^6.7.0
    url-template: ^2.0.8
  checksum: 687800260c137af266bac317aca16131435ac4862fddb8c160af208c0fecd579ce04da778b1712c647e2614c554236781d1bcd074772a98458573b34394afe95
  languageName: node
  linkType: hard

"gtoken@npm:^8.0.0":
  version: 8.0.0
  resolution: "gtoken@npm:8.0.0"
  dependencies:
    gaxios: ^7.0.0
    jws: ^4.0.0
  checksum: 6825476d404fc6d1577799e222f44824787da96865a5929ec44d18ef5fbe22f3053433c79dfef3c9d944c8a87e78b85b48c31cae7fe7e3cc02f1aed35d160b10
  languageName: node
  linkType: hard

